// !$*UTF8*$!
{
	archiveVersion = 1;
	classes = {
	};
	objectVersion = 46;
	objects = {

/* Begin PBXBuildFile section */
		327A26431C5306B500D65A49 /* Dice.m in Sources */ = {isa = PBXBuildFile; fileRef = 327A26421C5306B500D65A49 /* Dice.m */; };
		327A26461C5307F800D65A49 /* GameController.m in Sources */ = {isa = PBXBuildFile; fileRef = 327A26451C5307F800D65A49 /* GameController.m */; };
		B90414091C51A58200565A2A /* main.m in Sources */ = {isa = PBXBuildFile; fileRef = B90414081C51A58200565A2A /* main.m */; };
		B904140C1C51A58200565A2A /* AppDelegate.m in Sources */ = {isa = PBXBuildFile; fileRef = B904140B1C51A58200565A2A /* AppDelegate.m */; };
		B90414121C51A58200565A2A /* Main.storyboard in Resources */ = {isa = PBXBuildFile; fileRef = B90414101C51A58200565A2A /* Main.storyboard */; };
		B90414141C51A58200565A2A /* Assets.xcassets in Resources */ = {isa = PBXBuildFile; fileRef = B90414131C51A58200565A2A /* Assets.xcassets */; };
		B90414171C51A58200565A2A /* LaunchScreen.storyboard in Resources */ = {isa = PBXBuildFile; fileRef = B90414151C51A58200565A2A /* LaunchScreen.storyboard */; };
		B90414231C51A61500565A2A /* PlayerViewController.m in Sources */ = {isa = PBXBuildFile; fileRef = B90414221C51A61500565A2A /* PlayerViewController.m */; };
		B90414261C51A62B00565A2A /* SplashViewController.m in Sources */ = {isa = PBXBuildFile; fileRef = B90414251C51A62B00565A2A /* SplashViewController.m */; };
		B90414291C51A64000565A2A /* GameViewController.m in Sources */ = {isa = PBXBuildFile; fileRef = B90414281C51A64000565A2A /* GameViewController.m */; };
		B904142C1C51A92000565A2A /* Player.m in Sources */ = {isa = PBXBuildFile; fileRef = B904142B1C51A92000565A2A /* Player.m */; };
		B904142F1C51B7E600565A2A /* PlayerTableViewCell.m in Sources */ = {isa = PBXBuildFile; fileRef = B904142E1C51B7E600565A2A /* PlayerTableViewCell.m */; };
		B90414361C51BAF000565A2A /* AddPlayerTableViewCell.m in Sources */ = {isa = PBXBuildFile; fileRef = B90414351C51BAF000565A2A /* AddPlayerTableViewCell.m */; };
/* End PBXBuildFile section */

/* Begin PBXFileReference section */
		327A26411C5306B500D65A49 /* Dice.h */ = {isa = PBXFileReference; fileEncoding = 4; lastKnownFileType = sourcecode.c.h; path = Dice.h; sourceTree = "<group>"; };
		327A26421C5306B500D65A49 /* Dice.m */ = {isa = PBXFileReference; fileEncoding = 4; lastKnownFileType = sourcecode.c.objc; path = Dice.m; sourceTree = "<group>"; };
		327A26441C5307F800D65A49 /* GameController.h */ = {isa = PBXFileReference; fileEncoding = 4; lastKnownFileType = sourcecode.c.h; path = GameController.h; sourceTree = "<group>"; };
		327A26451C5307F800D65A49 /* GameController.m */ = {isa = PBXFileReference; fileEncoding = 4; lastKnownFileType = sourcecode.c.objc; path = GameController.m; sourceTree = "<group>"; };
		B90414041C51A58200565A2A /* Farkle.app */ = {isa = PBXFileReference; explicitFileType = wrapper.application; includeInIndex = 0; path = Farkle.app; sourceTree = BUILT_PRODUCTS_DIR; };
		B90414081C51A58200565A2A /* main.m */ = {isa = PBXFileReference; lastKnownFileType = sourcecode.c.objc; path = main.m; sourceTree = "<group>"; };
		B904140A1C51A58200565A2A /* AppDelegate.h */ = {isa = PBXFileReference; lastKnownFileType = sourcecode.c.h; path = AppDelegate.h; sourceTree = "<group>"; };
		B904140B1C51A58200565A2A /* AppDelegate.m */ = {isa = PBXFileReference; lastKnownFileType = sourcecode.c.objc; path = AppDelegate.m; sourceTree = "<group>"; };
		B90414111C51A58200565A2A /* Base */ = {isa = PBXFileReference; lastKnownFileType = file.storyboard; name = Base; path = Base.lproj/Main.storyboard; sourceTree = "<group>"; };
		B90414131C51A58200565A2A /* Assets.xcassets */ = {isa = PBXFileReference; lastKnownFileType = folder.assetcatalog; path = Assets.xcassets; sourceTree = "<group>"; };
		B90414161C51A58200565A2A /* Base */ = {isa = PBXFileReference; lastKnownFileType = file.storyboard; name = Base; path = Base.lproj/LaunchScreen.storyboard; sourceTree = "<group>"; };
		B90414181C51A58200565A2A /* Info.plist */ = {isa = PBXFileReference; lastKnownFileType = text.plist.xml; path = Info.plist; sourceTree = "<group>"; };
		B90414211C51A61500565A2A /* PlayerViewController.h */ = {isa = PBXFileReference; fileEncoding = 4; lastKnownFileType = sourcecode.c.h; path = PlayerViewController.h; sourceTree = "<group>"; };
		B90414221C51A61500565A2A /* PlayerViewController.m */ = {isa = PBXFileReference; fileEncoding = 4; lastKnownFileType = sourcecode.c.objc; path = PlayerViewController.m; sourceTree = "<group>"; };
		B90414241C51A62B00565A2A /* SplashViewController.h */ = {isa = PBXFileReference; fileEncoding = 4; lastKnownFileType = sourcecode.c.h; name = SplashViewController.h; path = ../SplashViewController.h; sourceTree = "<group>"; };
		B90414251C51A62B00565A2A /* SplashViewController.m */ = {isa = PBXFileReference; fileEncoding = 4; lastKnownFileType = sourcecode.c.objc; name = SplashViewController.m; path = ../SplashViewController.m; sourceTree = "<group>"; };
		B90414271C51A64000565A2A /* GameViewController.h */ = {isa = PBXFileReference; fileEncoding = 4; lastKnownFileType = sourcecode.c.h; path = GameViewController.h; sourceTree = "<group>"; };
		B90414281C51A64000565A2A /* GameViewController.m */ = {isa = PBXFileReference; fileEncoding = 4; lastKnownFileType = sourcecode.c.objc; path = GameViewController.m; sourceTree = "<group>"; };
		B904142A1C51A92000565A2A /* Player.h */ = {isa = PBXFileReference; fileEncoding = 4; lastKnownFileType = sourcecode.c.h; path = Player.h; sourceTree = "<group>"; };
		B904142B1C51A92000565A2A /* Player.m */ = {isa = PBXFileReference; fileEncoding = 4; lastKnownFileType = sourcecode.c.objc; path = Player.m; sourceTree = "<group>"; };
		B904142D1C51B7E600565A2A /* PlayerTableViewCell.h */ = {isa = PBXFileReference; fileEncoding = 4; lastKnownFileType = sourcecode.c.h; path = PlayerTableViewCell.h; sourceTree = "<group>"; };
		B904142E1C51B7E600565A2A /* PlayerTableViewCell.m */ = {isa = PBXFileReference; fileEncoding = 4; lastKnownFileType = sourcecode.c.objc; path = PlayerTableViewCell.m; sourceTree = "<group>"; };
		B90414341C51BAF000565A2A /* AddPlayerTableViewCell.h */ = {isa = PBXFileReference; fileEncoding = 4; lastKnownFileType = sourcecode.c.h; path = AddPlayerTableViewCell.h; sourceTree = "<group>"; };
		B90414351C51BAF000565A2A /* AddPlayerTableViewCell.m */ = {isa = PBXFileReference; fileEncoding = 4; lastKnownFileType = sourcecode.c.objc; path = AddPlayerTableViewCell.m; sourceTree = "<group>"; };
/* End PBXFileReference section */

/* Begin PBXFrameworksBuildPhase section */
		B90414011C51A58200565A2A /* Frameworks */ = {
			isa = PBXFrameworksBuildPhase;
			buildActionMask = 2147483647;
			files = (
			);
			runOnlyForDeploymentPostprocessing = 0;
		};
/* End PBXFrameworksBuildPhase section */

/* Begin PBXGroup section */
		B90413FB1C51A58200565A2A = {
			isa = PBXGroup;
			children = (
				B90414061C51A58200565A2A /* Farkle */,
				B90414051C51A58200565A2A /* Products */,
			);
			sourceTree = "<group>";
		};
		B90414051C51A58200565A2A /* Products */ = {
			isa = PBXGroup;
			children = (
				B90414041C51A58200565A2A /* Farkle.app */,
			);
			name = Products;
			sourceTree = "<group>";
		};
		B90414061C51A58200565A2A /* Farkle */ = {
			isa = PBXGroup;
			children = (
				B90414101C51A58200565A2A /* Main.storyboard */,
				B90414311C51B81E00565A2A /* Game Interface */,
				B90414301C51B80800565A2A /* Player Selection */,
				B90414331C51B83C00565A2A /* Splash Page */,
				B90414321C51B83500565A2A /* Model */,
				B90414131C51A58200565A2A /* Assets.xcassets */,
				B90414151C51A58200565A2A /* LaunchScreen.storyboard */,
				B90414181C51A58200565A2A /* Info.plist */,
				B90414071C51A58200565A2A /* Supporting Files */,
			);
			path = Farkle;
			sourceTree = "<group>";
		};
		B90414071C51A58200565A2A /* Supporting Files */ = {
			isa = PBXGroup;
			children = (
				B904140A1C51A58200565A2A /* AppDelegate.h */,
				B904140B1C51A58200565A2A /* AppDelegate.m */,
				B90414081C51A58200565A2A /* main.m */,
			);
			name = "Supporting Files";
			sourceTree = "<group>";
		};
		B90414301C51B80800565A2A /* Player Selection */ = {
			isa = PBXGroup;
			children = (
				B90414211C51A61500565A2A /* PlayerViewController.h */,
				B90414221C51A61500565A2A /* PlayerViewController.m */,
				B904142D1C51B7E600565A2A /* PlayerTableViewCell.h */,
				B904142E1C51B7E600565A2A /* PlayerTableViewCell.m */,
				B90414341C51BAF000565A2A /* AddPlayerTableViewCell.h */,
				B90414351C51BAF000565A2A /* AddPlayerTableViewCell.m */,
			);
			name = "Player Selection";
			sourceTree = "<group>";
		};
		B90414311C51B81E00565A2A /* Game Interface */ = {
			isa = PBXGroup;
			children = (
				B90414271C51A64000565A2A /* GameViewController.h */,
				B90414281C51A64000565A2A /* GameViewController.m */,
				327A26441C5307F800D65A49 /* GameController.h */,
				327A26451C5307F800D65A49 /* GameController.m */,
			);
			name = "Game Interface";
			sourceTree = "<group>";
		};
		B90414321C51B83500565A2A /* Model */ = {
			isa = PBXGroup;
			children = (
				327A26411C5306B500D65A49 /* Dice.h */,
				327A26421C5306B500D65A49 /* Dice.m */,
				B904142A1C51A92000565A2A /* Player.h */,
				B904142B1C51A92000565A2A /* Player.m */,
			);
			name = Model;
			sourceTree = "<group>";
		};
		B90414331C51B83C00565A2A /* Splash Page */ = {
			isa = PBXGroup;
			children = (
				B90414241C51A62B00565A2A /* SplashViewController.h */,
				B90414251C51A62B00565A2A /* SplashViewController.m */,
			);
			name = "Splash Page";
			sourceTree = "<group>";
		};
/* End PBXGroup section */

/* Begin PBXNativeTarget section */
		B90414031C51A58200565A2A /* Farkle */ = {
			isa = PBXNativeTarget;
			buildConfigurationList = B904141B1C51A58300565A2A /* Build configuration list for PBXNativeTarget "Farkle" */;
			buildPhases = (
				B90414001C51A58200565A2A /* Sources */,
				B90414011C51A58200565A2A /* Frameworks */,
				B90414021C51A58200565A2A /* Resources */,
			);
			buildRules = (
			);
			dependencies = (
			);
			name = Farkle;
			productName = Farkle;
			productReference = B90414041C51A58200565A2A /* Farkle.app */;
			productType = "com.apple.product-type.application";
		};
/* End PBXNativeTarget section */

/* Begin PBXProject section */
		B90413FC1C51A58200565A2A /* Project object */ = {
			isa = PBXProject;
			attributes = {
				KnownAssetTags = (
					1,
				);
				LastUpgradeCheck = 0720;
				ORGANIZATIONNAME = admin;
				TargetAttributes = {
					B90414031C51A58200565A2A = {
						CreatedOnToolsVersion = 7.2;
					};
				};
			};
			buildConfigurationList = B90413FF1C51A58200565A2A /* Build configuration list for PBXProject "Farkle" */;
			compatibilityVersion = "Xcode 3.2";
			developmentRegion = English;
			hasScannedForEncodings = 0;
			knownRegions = (
				en,
				Base,
			);
			mainGroup = B90413FB1C51A58200565A2A;
			productRefGroup = B90414051C51A58200565A2A /* Products */;
			projectDirPath = "";
			projectRoot = "";
			targets = (
				B90414031C51A58200565A2A /* Farkle */,
			);
		};
/* End PBXProject section */

/* Begin PBXResourcesBuildPhase section */
		B90414021C51A58200565A2A /* Resources */ = {
			isa = PBXResourcesBuildPhase;
			buildActionMask = 2147483647;
			files = (
				B90414171C51A58200565A2A /* LaunchScreen.storyboard in Resources */,
				B90414141C51A58200565A2A /* Assets.xcassets in Resources */,
				B90414121C51A58200565A2A /* Main.storyboard in Resources */,
			);
			runOnlyForDeploymentPostprocessing = 0;
		};
/* End PBXResourcesBuildPhase section */

/* Begin PBXSourcesBuildPhase section */
		B90414001C51A58200565A2A /* Sources */ = {
			isa = PBXSourcesBuildPhase;
			buildActionMask = 2147483647;
			files = (
				327A26431C5306B500D65A49 /* Dice.m in Sources */,
				B90414291C51A64000565A2A /* GameViewController.m in Sources */,
				B904140C1C51A58200565A2A /* AppDelegate.m in Sources */,
				327A26461C5307F800D65A49 /* GameController.m in Sources */,
				B904142F1C51B7E600565A2A /* PlayerTableViewCell.m in Sources */,
				B90414231C51A61500565A2A /* PlayerViewController.m in Sources */,
				B90414361C51BAF000565A2A /* AddPlayerTableViewCell.m in Sources */,
				B90414091C51A58200565A2A /* main.m in Sources */,
				B904142C1C51A92000565A2A /* Player.m in Sources */,
				B90414261C51A62B00565A2A /* SplashViewController.m in Sources */,
			);
			runOnlyForDeploymentPostprocessing = 0;
		};
/* End PBXSourcesBuildPhase section */

/* Begin PBXVariantGroup section */
		B90414101C51A58200565A2A /* Main.storyboard */ = {
			isa = PBXVariantGroup;
			children = (
				B90414111C51A58200565A2A /* Base */,
			);
			name = Main.storyboard;
			sourceTree = "<group>";
		};
		B90414151C51A58200565A2A /* LaunchScreen.storyboard */ = {
			isa = PBXVariantGroup;
			children = (
				B90414161C51A58200565A2A /* Base */,
			);
			name = LaunchScreen.storyboard;
			sourceTree = "<group>";
		};
/* End PBXVariantGroup section */

/* Begin XCBuildConfiguration section */
		B90414191C51A58300565A2A /* Debug */ = {
			isa = XCBuildConfiguration;
			buildSettings = {
				ALWAYS_SEARCH_USER_PATHS = NO;
				CLANG_CXX_LANGUAGE_STANDARD = "gnu++0x";
				CLANG_CXX_LIBRARY = "libc++";
				CLANG_ENABLE_MODULES = YES;
				CLANG_ENABLE_OBJC_ARC = YES;
				CLANG_WARN_BOOL_CONVERSION = YES;
				CLANG_WARN_CONSTANT_CONVERSION = YES;
				CLANG_WARN_DIRECT_OBJC_ISA_USAGE = YES_ERROR;
				CLANG_WARN_EMPTY_BODY = YES;
				CLANG_WARN_ENUM_CONVERSION = YES;
				CLANG_WARN_INT_CONVERSION = YES;
				CLANG_WARN_OBJC_ROOT_CLASS = YES_ERROR;
				CLANG_WARN_UNREACHABLE_CODE = YES;
				CLANG_WARN__DUPLICATE_METHOD_MATCH = YES;
				"CODE_SIGN_IDENTITY[sdk=iphoneos*]" = "iPhone Developer";
				COPY_PHASE_STRIP = NO;
				DEBUG_INFORMATION_FORMAT = dwarf;
				ENABLE_STRICT_OBJC_MSGSEND = YES;
				ENABLE_TESTABILITY = YES;
				GCC_C_LANGUAGE_STANDARD = gnu99;
				GCC_DYNAMIC_NO_PIC = NO;
				GCC_NO_COMMON_BLOCKS = YES;
				GCC_OPTIMIZATION_LEVEL = 0;
				GCC_PREPROCESSOR_DEFINITIONS = (
					"DEBUG=1",
					"$(inherited)",
				);
				GCC_WARN_64_TO_32_BIT_CONVERSION = YES;
				GCC_WARN_ABOUT_RETURN_TYPE = YES_ERROR;
				GCC_WARN_UNDECLARED_SELECTOR = YES;
				GCC_WARN_UNINITIALIZED_AUTOS = YES_AGGRESSIVE;
				GCC_WARN_UNUSED_FUNCTION = YES;
				GCC_WARN_UNUSED_VARIABLE = YES;
				IPHONEOS_DEPLOYMENT_TARGET = 9.2;
				MTL_ENABLE_DEBUG_INFO = YES;
				ONLY_ACTIVE_ARCH = YES;
				SDKROOT = iphoneos;
				TARGETED_DEVICE_FAMILY = "1,2";
			};
			name = Debug;
		};
		B904141A1C51A58300565A2A /* Release */ = {
			isa = XCBuildConfiguration;
			buildSettings = {
				ALWAYS_SEARCH_USER_PATHS = NO;
				CLANG_CXX_LANGUAGE_STANDARD = "gnu++0x";
				CLANG_CXX_LIBRARY = "libc++";
				CLANG_ENABLE_MODULES = YES;
				CLANG_ENABLE_OBJC_ARC = YES;
				CLANG_WARN_BOOL_CONVERSION = YES;
				CLANG_WARN_CONSTANT_CONVERSION = YES;
				CLANG_WARN_DIRECT_OBJC_ISA_USAGE = YES_ERROR;
				CLANG_WARN_EMPTY_BODY = YES;
				CLANG_WARN_ENUM_CONVERSION = YES;
				CLANG_WARN_INT_CONVERSION = YES;
				CLANG_WARN_OBJC_ROOT_CLASS = YES_ERROR;
				CLANG_WARN_UNREACHABLE_CODE = YES;
				CLANG_WARN__DUPLICATE_METHOD_MATCH = YES;
				"CODE_SIGN_IDENTITY[sdk=iphoneos*]" = "iPhone Developer";
				COPY_PHASE_STRIP = NO;
				DEBUG_INFORMATION_FORMAT = "dwarf-with-dsym";
				ENABLE_NS_ASSERTIONS = NO;
				ENABLE_STRICT_OBJC_MSGSEND = YES;
				GCC_C_LANGUAGE_STANDARD = gnu99;
				GCC_NO_COMMON_BLOCKS = YES;
				GCC_WARN_64_TO_32_BIT_CONVERSION = YES;
				GCC_WARN_ABOUT_RETURN_TYPE = YES_ERROR;
				GCC_WARN_UNDECLARED_SELECTOR = YES;
				GCC_WARN_UNINITIALIZED_AUTOS = YES_AGGRESSIVE;
				GCC_WARN_UNUSED_FUNCTION = YES;
				GCC_WARN_UNUSED_VARIABLE = YES;
				IPHONEOS_DEPLOYMENT_TARGET = 9.2;
				MTL_ENABLE_DEBUG_INFO = NO;
				SDKROOT = iphoneos;
				TARGETED_DEVICE_FAMILY = "1,2";
				VALIDATE_PRODUCT = YES;
			};
			name = Release;
		};
		B904141C1C51A58300565A2A /* Debug */ = {
			isa = XCBuildConfiguration;
			buildSettings = {
				ASSETCATALOG_COMPILER_APPICON_NAME = AppIcon;
				INFOPLIST_FILE = Farkle/Info.plist;
				LD_RUNPATH_SEARCH_PATHS = "$(inherited) @executable_path/Frameworks";
				PRODUCT_BUNDLE_IDENTIFIER = mobilemakers.Farkle;
				PRODUCT_NAME = "$(TARGET_NAME)";
			};
			name = Debug;
		};
		B904141D1C51A58300565A2A /* Release */ = {
			isa = XCBuildConfiguration;
			buildSettings = {
				ASSETCATALOG_COMPILER_APPICON_NAME = AppIcon;
				INFOPLIST_FILE = Farkle/Info.plist;
				LD_RUNPATH_SEARCH_PATHS = "$(inherited) @executable_path/Frameworks";
				PRODUCT_BUNDLE_IDENTIFIER = mobilemakers.Farkle;
				PRODUCT_NAME = "$(TARGET_NAME)";
			};
			name = Release;
		};
/* End XCBuildConfiguration section */

/* Begin XCConfigurationList section */
		B90413FF1C51A58200565A2A /* Build configuration list for PBXProject "Farkle" */ = {
			isa = XCConfigurationList;
			buildConfigurations = (
				B90414191C51A58300565A2A /* Debug */,
				B904141A1C51A58300565A2A /* Release */,
			);
			defaultConfigurationIsVisible = 0;
			defaultConfigurationName = Release;
		};
		B904141B1C51A58300565A2A /* Build configuration list for PBXNativeTarget "Farkle" */ = {
			isa = XCConfigurationList;
			buildConfigurations = (
				B904141C1C51A58300565A2A /* Debug */,
				B904141D1C51A58300565A2A /* Release */,
			);
			defaultConfigurationIsVisible = 0;
			defaultConfigurationName = Release;
		};
/* End XCConfigurationList section */
	};
	rootObject = B90413FC1C51A58200565A2A /* Project object */;
}
